// !$*UTF8*$!
{
	archiveVersion = 1;
	classes = {
	};
	objectVersion = 50;
	objects = {

/* Begin PBXBuildFile section */
		8EAFA61C21C12B23003610AB /* AppDelegate.swift in Sources */ = {isa = PBXBuildFile; fileRef = 8EAFA61B21C12B23003610AB /* AppDelegate.swift */; };
		8EAFA61E21C12B23003610AB /* ViewController.swift in Sources */ = {isa = PBXBuildFile; fileRef = 8EAFA61D21C12B23003610AB /* ViewController.swift */; };
		8EAFA62121C12B23003610AB /* Main.storyboard in Resources */ = {isa = PBXBuildFile; fileRef = 8EAFA61F21C12B23003610AB /* Main.storyboard */; };
		8EAFA62321C12B24003610AB /* Assets.xcassets in Resources */ = {isa = PBXBuildFile; fileRef = 8EAFA62221C12B24003610AB /* Assets.xcassets */; };
		8EAFA62621C12B24003610AB /* LaunchScreen.storyboard in Resources */ = {isa = PBXBuildFile; fileRef = 8EAFA62421C12B24003610AB /* LaunchScreen.storyboard */; };
		8EAFA63121C12B24003610AB /* A10Tests.swift in Sources */ = {isa = PBXBuildFile; fileRef = 8EAFA63021C12B24003610AB /* A10Tests.swift */; };
		8EAFA63C21C12B24003610AB /* A10UITests.swift in Sources */ = {isa = PBXBuildFile; fileRef = 8EAFA63B21C12B24003610AB /* A10UITests.swift */; };
/* End PBXBuildFile section */

/* Begin PBXContainerItemProxy section */
		8EAFA62D21C12B24003610AB /* PBXContainerItemProxy */ = {
			isa = PBXContainerItemProxy;
			containerPortal = 8EAFA61021C12B23003610AB /* Project object */;
			proxyType = 1;
			remoteGlobalIDString = 8EAFA61721C12B23003610AB;
			remoteInfo = A10;
		};
		8EAFA63821C12B24003610AB /* PBXContainerItemProxy */ = {
			isa = PBXContainerItemProxy;
			containerPortal = 8EAFA61021C12B23003610AB /* Project object */;
			proxyType = 1;
			remoteGlobalIDString = 8EAFA61721C12B23003610AB;
			remoteInfo = A10;
		};
/* End PBXContainerItemProxy section */

/* Begin PBXFileReference section */
		8EAFA61821C12B23003610AB /* A10.app */ = {isa = PBXFileReference; explicitFileType = wrapper.application; includeInIndex = 0; path = A10.app; sourceTree = BUILT_PRODUCTS_DIR; };
		8EAFA61B21C12B23003610AB /* AppDelegate.swift */ = {isa = PBXFileReference; lastKnownFileType = sourcecode.swift; path = AppDelegate.swift; sourceTree = "<group>"; };
		8EAFA61D21C12B23003610AB /* ViewController.swift */ = {isa = PBXFileReference; lastKnownFileType = sourcecode.swift; path = ViewController.swift; sourceTree = "<group>"; };
		8EAFA62021C12B23003610AB /* Base */ = {isa = PBXFileReference; lastKnownFileType = file.storyboard; name = Base; path = Base.lproj/Main.storyboard; sourceTree = "<group>"; };
		8EAFA62221C12B24003610AB /* Assets.xcassets */ = {isa = PBXFileReference; lastKnownFileType = folder.assetcatalog; path = Assets.xcassets; sourceTree = "<group>"; };
		8EAFA62521C12B24003610AB /* Base */ = {isa = PBXFileReference; lastKnownFileType = file.storyboard; name = Base; path = Base.lproj/LaunchScreen.storyboard; sourceTree = "<group>"; };
		8EAFA62721C12B24003610AB /* Info.plist */ = {isa = PBXFileReference; lastKnownFileType = text.plist.xml; path = Info.plist; sourceTree = "<group>"; };
		8EAFA62C21C12B24003610AB /* A10Tests.xctest */ = {isa = PBXFileReference; explicitFileType = wrapper.cfbundle; includeInIndex = 0; path = A10Tests.xctest; sourceTree = BUILT_PRODUCTS_DIR; };
		8EAFA63021C12B24003610AB /* A10Tests.swift */ = {isa = PBXFileReference; lastKnownFileType = sourcecode.swift; path = A10Tests.swift; sourceTree = "<group>"; };
		8EAFA63221C12B24003610AB /* Info.plist */ = {isa = PBXFileReference; lastKnownFileType = text.plist.xml; path = Info.plist; sourceTree = "<group>"; };
		8EAFA63721C12B24003610AB /* A10UITests.xctest */ = {isa = PBXFileReference; explicitFileType = wrapper.cfbundle; includeInIndex = 0; path = A10UITests.xctest; sourceTree = BUILT_PRODUCTS_DIR; };
		8EAFA63B21C12B24003610AB /* A10UITests.swift */ = {isa = PBXFileReference; lastKnownFileType = sourcecode.swift; path = A10UITests.swift; sourceTree = "<group>"; };
		8EAFA63D21C12B24003610AB /* Info.plist */ = {isa = PBXFileReference; lastKnownFileType = text.plist.xml; path = Info.plist; sourceTree = "<group>"; };
/* End PBXFileReference section */

/* Begin PBXFrameworksBuildPhase section */
		8EAFA61521C12B23003610AB /* Frameworks */ = {
			isa = PBXFrameworksBuildPhase;
			buildActionMask = 2147483647;
			files = (
			);
			runOnlyForDeploymentPostprocessing = 0;
		};
		8EAFA62921C12B24003610AB /* Frameworks */ = {
			isa = PBXFrameworksBuildPhase;
			buildActionMask = 2147483647;
			files = (
			);
			runOnlyForDeploymentPostprocessing = 0;
		};
		8EAFA63421C12B24003610AB /* Frameworks */ = {
			isa = PBXFrameworksBuildPhase;
			buildActionMask = 2147483647;
			files = (
			);
			runOnlyForDeploymentPostprocessing = 0;
		};
/* End PBXFrameworksBuildPhase section */

/* Begin PBXGroup section */
		8EAFA60F21C12B23003610AB = {
			isa = PBXGroup;
			children = (
				8EAFA61A21C12B23003610AB /* A10 */,
				8EAFA62F21C12B24003610AB /* A10Tests */,
				8EAFA63A21C12B24003610AB /* A10UITests */,
				8EAFA61921C12B23003610AB /* Products */,
			);
			sourceTree = "<group>";
		};
		8EAFA61921C12B23003610AB /* Products */ = {
			isa = PBXGroup;
			children = (
				8EAFA61821C12B23003610AB /* A10.app */,
				8EAFA62C21C12B24003610AB /* A10Tests.xctest */,
				8EAFA63721C12B24003610AB /* A10UITests.xctest */,
			);
			name = Products;
			sourceTree = "<group>";
		};
		8EAFA61A21C12B23003610AB /* A10 */ = {
			isa = PBXGroup;
			children = (
				8EAFA61B21C12B23003610AB /* AppDelegate.swift */,
				8EAFA61D21C12B23003610AB /* ViewController.swift */,
				8EAFA61F21C12B23003610AB /* Main.storyboard */,
				8EAFA62221C12B24003610AB /* Assets.xcassets */,
				8EAFA62421C12B24003610AB /* LaunchScreen.storyboard */,
				8EAFA62721C12B24003610AB /* Info.plist */,
			);
			path = A10;
			sourceTree = "<group>";
		};
		8EAFA62F21C12B24003610AB /* A10Tests */ = {
			isa = PBXGroup;
			children = (
				8EAFA63021C12B24003610AB /* A10Tests.swift */,
				8EAFA63221C12B24003610AB /* Info.plist */,
			);
			path = A10Tests;
			sourceTree = "<group>";
		};
		8EAFA63A21C12B24003610AB /* A10UITests */ = {
			isa = PBXGroup;
			children = (
				8EAFA63B21C12B24003610AB /* A10UITests.swift */,
				8EAFA63D21C12B24003610AB /* Info.plist */,
			);
			path = A10UITests;
			sourceTree = "<group>";
		};
/* End PBXGroup section */

/* Begin PBXNativeTarget section */
		8EAFA61721C12B23003610AB /* A10 */ = {
			isa = PBXNativeTarget;
			buildConfigurationList = 8EAFA64021C12B24003610AB /* Build configuration list for PBXNativeTarget "A10" */;
			buildPhases = (
				8EAFA61421C12B23003610AB /* Sources */,
				8EAFA61521C12B23003610AB /* Frameworks */,
				8EAFA61621C12B23003610AB /* Resources */,
			);
			buildRules = (
			);
			dependencies = (
			);
			name = A10;
			productName = A10;
			productReference = 8EAFA61821C12B23003610AB /* A10.app */;
			productType = "com.apple.product-type.application";
		};
		8EAFA62B21C12B24003610AB /* A10Tests */ = {
			isa = PBXNativeTarget;
			buildConfigurationList = 8EAFA64321C12B24003610AB /* Build configuration list for PBXNativeTarget "A10Tests" */;
			buildPhases = (
				8EAFA62821C12B24003610AB /* Sources */,
				8EAFA62921C12B24003610AB /* Frameworks */,
				8EAFA62A21C12B24003610AB /* Resources */,
			);
			buildRules = (
			);
			dependencies = (
				8EAFA62E21C12B24003610AB /* PBXTargetDependency */,
			);
			name = A10Tests;
			productName = A10Tests;
			productReference = 8EAFA62C21C12B24003610AB /* A10Tests.xctest */;
			productType = "com.apple.product-type.bundle.unit-test";
		};
		8EAFA63621C12B24003610AB /* A10UITests */ = {
			isa = PBXNativeTarget;
			buildConfigurationList = 8EAFA64621C12B24003610AB /* Build configuration list for PBXNativeTarget "A10UITests" */;
			buildPhases = (
				8EAFA63321C12B24003610AB /* Sources */,
				8EAFA63421C12B24003610AB /* Frameworks */,
				8EAFA63521C12B24003610AB /* Resources */,
			);
			buildRules = (
			);
			dependencies = (
				8EAFA63921C12B24003610AB /* PBXTargetDependency */,
			);
			name = A10UITests;
			productName = A10UITests;
			productReference = 8EAFA63721C12B24003610AB /* A10UITests.xctest */;
			productType = "com.apple.product-type.bundle.ui-testing";
		};
/* End PBXNativeTarget section */

/* Begin PBXProject section */
		8EAFA61021C12B23003610AB /* Project object */ = {
			isa = PBXProject;
			attributes = {
				LastSwiftUpdateCheck = 1010;
				LastUpgradeCheck = 1010;
				ORGANIZATIONNAME = pm;
				TargetAttributes = {
					8EAFA61721C12B23003610AB = {
						CreatedOnToolsVersion = 10.1;
					};
					8EAFA62B21C12B24003610AB = {
						CreatedOnToolsVersion = 10.1;
						TestTargetID = 8EAFA61721C12B23003610AB;
					};
					8EAFA63621C12B24003610AB = {
						CreatedOnToolsVersion = 10.1;
						TestTargetID = 8EAFA61721C12B23003610AB;
					};
				};
			};
			buildConfigurationList = 8EAFA61321C12B23003610AB /* Build configuration list for PBXProject "A10" */;
			compatibilityVersion = "Xcode 9.3";
			developmentRegion = en;
			hasScannedForEncodings = 0;
			knownRegions = (
				en,
				Base,
			);
			mainGroup = 8EAFA60F21C12B23003610AB;
			productRefGroup = 8EAFA61921C12B23003610AB /* Products */;
			projectDirPath = "";
			projectRoot = "";
			targets = (
				8EAFA61721C12B23003610AB /* A10 */,
				8EAFA62B21C12B24003610AB /* A10Tests */,
				8EAFA63621C12B24003610AB /* A10UITests */,
			);
		};
/* End PBXProject section */

/* Begin PBXResourcesBuildPhase section */
		8EAFA61621C12B23003610AB /* Resources */ = {
			isa = PBXResourcesBuildPhase;
			buildActionMask = 2147483647;
			files = (
				8EAFA62621C12B24003610AB /* LaunchScreen.storyboard in Resources */,
				8EAFA62321C12B24003610AB /* Assets.xcassets in Resources */,
				8EAFA62121C12B23003610AB /* Main.storyboard in Resources */,
			);
			runOnlyForDeploymentPostprocessing = 0;
		};
		8EAFA62A21C12B24003610AB /* Resources */ = {
			isa = PBXResourcesBuildPhase;
			buildActionMask = 2147483647;
			files = (
			);
			runOnlyForDeploymentPostprocessing = 0;
		};
		8EAFA63521C12B24003610AB /* Resources */ = {
			isa = PBXResourcesBuildPhase;
			buildActionMask = 2147483647;
			files = (
			);
			runOnlyForDeploymentPostprocessing = 0;
		};
/* End PBXResourcesBuildPhase section */

/* Begin PBXSourcesBuildPhase section */
		8EAFA61421C12B23003610AB /* Sources */ = {
			isa = PBXSourcesBuildPhase;
			buildActionMask = 2147483647;
			files = (
				8EAFA61E21C12B23003610AB /* ViewController.swift in Sources */,
				8EAFA61C21C12B23003610AB /* AppDelegate.swift in Sources */,
			);
			runOnlyForDeploymentPostprocessing = 0;
		};
		8EAFA62821C12B24003610AB /* Sources */ = {
			isa = PBXSourcesBuildPhase;
			buildActionMask = 2147483647;
			files = (
				8EAFA63121C12B24003610AB /* A10Tests.swift in Sources */,
			);
			runOnlyForDeploymentPostprocessing = 0;
		};
		8EAFA63321C12B24003610AB /* Sources */ = {
			isa = PBXSourcesBuildPhase;
			buildActionMask = 2147483647;
			files = (
				8EAFA63C21C12B24003610AB /* A10UITests.swift in Sources */,
			);
			runOnlyForDeploymentPostprocessing = 0;
		};
/* End PBXSourcesBuildPhase section */

/* Begin PBXTargetDependency section */
		8EAFA62E21C12B24003610AB /* PBXTargetDependency */ = {
			isa = PBXTargetDependency;
			target = 8EAFA61721C12B23003610AB /* A10 */;
			targetProxy = 8EAFA62D21C12B24003610AB /* PBXContainerItemProxy */;
		};
		8EAFA63921C12B24003610AB /* PBXTargetDependency */ = {
			isa = PBXTargetDependency;
			target = 8EAFA61721C12B23003610AB /* A10 */;
			targetProxy = 8EAFA63821C12B24003610AB /* PBXContainerItemProxy */;
		};
/* End PBXTargetDependency section */

/* Begin PBXVariantGroup section */
		8EAFA61F21C12B23003610AB /* Main.storyboard */ = {
			isa = PBXVariantGroup;
			children = (
				8EAFA62021C12B23003610AB /* Base */,
			);
			name = Main.storyboard;
			sourceTree = "<group>";
		};
		8EAFA62421C12B24003610AB /* LaunchScreen.storyboard */ = {
			isa = PBXVariantGroup;
			children = (
				8EAFA62521C12B24003610AB /* Base */,
			);
			name = LaunchScreen.storyboard;
			sourceTree = "<group>";
		};
/* End PBXVariantGroup section */

/* Begin XCBuildConfiguration section */
		8EAFA63E21C12B24003610AB /* Debug */ = {
			isa = XCBuildConfiguration;
			buildSettings = {
				ALWAYS_SEARCH_USER_PATHS = NO;
				CLANG_ANALYZER_NONNULL = YES;
				CLANG_ANALYZER_NUMBER_OBJECT_CONVERSION = YES_AGGRESSIVE;
				CLANG_CXX_LANGUAGE_STANDARD = "gnu++14";
				CLANG_CXX_LIBRARY = "libc++";
				CLANG_ENABLE_MODULES = YES;
				CLANG_ENABLE_OBJC_ARC = YES;
				CLANG_ENABLE_OBJC_WEAK = YES;
				CLANG_WARN_BLOCK_CAPTURE_AUTORELEASING = YES;
				CLANG_WARN_BOOL_CONVERSION = YES;
				CLANG_WARN_COMMA = YES;
				CLANG_WARN_CONSTANT_CONVERSION = YES;
				CLANG_WARN_DEPRECATED_OBJC_IMPLEMENTATIONS = YES;
				CLANG_WARN_DIRECT_OBJC_ISA_USAGE = YES_ERROR;
				CLANG_WARN_DOCUMENTATION_COMMENTS = YES;
				CLANG_WARN_EMPTY_BODY = YES;
				CLANG_WARN_ENUM_CONVERSION = YES;
				CLANG_WARN_INFINITE_RECURSION = YES;
				CLANG_WARN_INT_CONVERSION = YES;
				CLANG_WARN_NON_LITERAL_NULL_CONVERSION = YES;
				CLANG_WARN_OBJC_IMPLICIT_RETAIN_SELF = YES;
				CLANG_WARN_OBJC_LITERAL_CONVERSION = YES;
				CLANG_WARN_OBJC_ROOT_CLASS = YES_ERROR;
				CLANG_WARN_RANGE_LOOP_ANALYSIS = YES;
				CLANG_WARN_STRICT_PROTOTYPES = YES;
				CLANG_WARN_SUSPICIOUS_MOVE = YES;
				CLANG_WARN_UNGUARDED_AVAILABILITY = YES_AGGRESSIVE;
				CLANG_WARN_UNREACHABLE_CODE = YES;
				CLANG_WARN__DUPLICATE_METHOD_MATCH = YES;
				CODE_SIGN_IDENTITY = "iPhone Developer";
				COPY_PHASE_STRIP = NO;
				DEBUG_INFORMATION_FORMAT = dwarf;
				ENABLE_STRICT_OBJC_MSGSEND = YES;
				ENABLE_TESTABILITY = YES;
				GCC_C_LANGUAGE_STANDARD = gnu11;
				GCC_DYNAMIC_NO_PIC = NO;
				GCC_NO_COMMON_BLOCKS = YES;
				GCC_OPTIMIZATION_LEVEL = 0;
				GCC_PREPROCESSOR_DEFINITIONS = (
					"DEBUG=1",
					"$(inherited)",
				);
				GCC_WARN_64_TO_32_BIT_CONVERSION = YES;
				GCC_WARN_ABOUT_RETURN_TYPE = YES_ERROR;
				GCC_WARN_UNDECLARED_SELECTOR = YES;
				GCC_WARN_UNINITIALIZED_AUTOS = YES_AGGRESSIVE;
				GCC_WARN_UNUSED_FUNCTION = YES;
				GCC_WARN_UNUSED_VARIABLE = YES;
				IPHONEOS_DEPLOYMENT_TARGET = 12.1;
				MTL_ENABLE_DEBUG_INFO = INCLUDE_SOURCE;
				MTL_FAST_MATH = YES;
				ONLY_ACTIVE_ARCH = YES;
				SDKROOT = iphoneos;
				SWIFT_ACTIVE_COMPILATION_CONDITIONS = DEBUG;
				SWIFT_OPTIMIZATION_LEVEL = "-Onone";
			};
			name = Debug;
		};
		8EAFA63F21C12B24003610AB /* Release */ = {
			isa = XCBuildConfiguration;
			buildSettings = {
				ALWAYS_SEARCH_USER_PATHS = NO;
				CLANG_ANALYZER_NONNULL = YES;
				CLANG_ANALYZER_NUMBER_OBJECT_CONVERSION = YES_AGGRESSIVE;
				CLANG_CXX_LANGUAGE_STANDARD = "gnu++14";
				CLANG_CXX_LIBRARY = "libc++";
				CLANG_ENABLE_MODULES = YES;
				CLANG_ENABLE_OBJC_ARC = YES;
				CLANG_ENABLE_OBJC_WEAK = YES;
				CLANG_WARN_BLOCK_CAPTURE_AUTORELEASING = YES;
				CLANG_WARN_BOOL_CONVERSION = YES;
				CLANG_WARN_COMMA = YES;
				CLANG_WARN_CONSTANT_CONVERSION = YES;
				CLANG_WARN_DEPRECATED_OBJC_IMPLEMENTATIONS = YES;
				CLANG_WARN_DIRECT_OBJC_ISA_USAGE = YES_ERROR;
				CLANG_WARN_DOCUMENTATION_COMMENTS = YES;
				CLANG_WARN_EMPTY_BODY = YES;
				CLANG_WARN_ENUM_CONVERSION = YES;
				CLANG_WARN_INFINITE_RECURSION = YES;
				CLANG_WARN_INT_CONVERSION = YES;
				CLANG_WARN_NON_LITERAL_NULL_CONVERSION = YES;
				CLANG_WARN_OBJC_IMPLICIT_RETAIN_SELF = YES;
				CLANG_WARN_OBJC_LITERAL_CONVERSION = YES;
				CLANG_WARN_OBJC_ROOT_CLASS = YES_ERROR;
				CLANG_WARN_RANGE_LOOP_ANALYSIS = YES;
				CLANG_WARN_STRICT_PROTOTYPES = YES;
				CLANG_WARN_SUSPICIOUS_MOVE = YES;
				CLANG_WARN_UNGUARDED_AVAILABILITY = YES_AGGRESSIVE;
				CLANG_WARN_UNREACHABLE_CODE = YES;
				CLANG_WARN__DUPLICATE_METHOD_MATCH = YES;
				CODE_SIGN_IDENTITY = "iPhone Developer";
				COPY_PHASE_STRIP = NO;
				DEBUG_INFORMATION_FORMAT = "dwarf-with-dsym";
				ENABLE_NS_ASSERTIONS = NO;
				ENABLE_STRICT_OBJC_MSGSEND = YES;
				GCC_C_LANGUAGE_STANDARD = gnu11;
				GCC_NO_COMMON_BLOCKS = YES;
				GCC_WARN_64_TO_32_BIT_CONVERSION = YES;
				GCC_WARN_ABOUT_RETURN_TYPE = YES_ERROR;
				GCC_WARN_UNDECLARED_SELECTOR = YES;
				GCC_WARN_UNINITIALIZED_AUTOS = YES_AGGRESSIVE;
				GCC_WARN_UNUSED_FUNCTION = YES;
				GCC_WARN_UNUSED_VARIABLE = YES;
				IPHONEOS_DEPLOYMENT_TARGET = 12.1;
				MTL_ENABLE_DEBUG_INFO = NO;
				MTL_FAST_MATH = YES;
				SDKROOT = iphoneos;
				SWIFT_COMPILATION_MODE = wholemodule;
				SWIFT_OPTIMIZATION_LEVEL = "-O";
				VALIDATE_PRODUCT = YES;
			};
			name = Release;
		};
		8EAFA64121C12B24003610AB /* Debug */ = {
			isa = XCBuildConfiguration;
			buildSettings = {
				ASSETCATALOG_COMPILER_APPICON_NAME = AppIcon;
				CODE_SIGN_STYLE = Automatic;
				DEVELOPMENT_TEAM = MW7T7K7N92;
				INFOPLIST_FILE = A10/Info.plist;
				LD_RUNPATH_SEARCH_PATHS = (
					"$(inherited)",
					"@executable_path/Frameworks",
				);
				PRODUCT_BUNDLE_IDENTIFIER = com.yongzhan.A10;
				PRODUCT_NAME = "$(TARGET_NAME)";
				SWIFT_VERSION = 4.2;
				TARGETED_DEVICE_FAMILY = "1,2";
			};
			name = Debug;
		};
		8EAFA64221C12B24003610AB /* Release */ = {
			isa = XCBuildConfiguration;
			buildSettings = {
				ASSETCATALOG_COMPILER_APPICON_NAME = AppIcon;
				CODE_SIGN_STYLE = Automatic;
				DEVELOPMENT_TEAM = MW7T7K7N92;
				INFOPLIST_FILE = A10/Info.plist;
				LD_RUNPATH_SEARCH_PATHS = (
					"$(inherited)",
					"@executable_path/Frameworks",
				);
				PRODUCT_BUNDLE_IDENTIFIER = com.yongzhan.A10;
				PRODUCT_NAME = "$(TARGET_NAME)";
				SWIFT_VERSION = 4.2;
				TARGETED_DEVICE_FAMILY = "1,2";
			};
			name = Release;
		};
		8EAFA64421C12B24003610AB /* Debug */ = {
			isa = XCBuildConfiguration;
			buildSettings = {
				ALWAYS_EMBED_SWIFT_STANDARD_LIBRARIES = YES;
				BUNDLE_LOADER = "$(TEST_HOST)";
				CODE_SIGN_STYLE = Automatic;
				DEVELOPMENT_TEAM = MW7T7K7N92;
				INFOPLIST_FILE = A10Tests/Info.plist;
				LD_RUNPATH_SEARCH_PATHS = (
					"$(inherited)",
					"@executable_path/Frameworks",
					"@loader_path/Frameworks",
				);
				PRODUCT_BUNDLE_IDENTIFIER = com.yongzhan.A10Tests;
				PRODUCT_NAME = "$(TARGET_NAME)";
				SWIFT_VERSION = 4.2;
				TARGETED_DEVICE_FAMILY = "1,2";
				TEST_HOST = "$(BUILT_PRODUCTS_DIR)/A10.app/A10";
			};
			name = Debug;
		};
		8EAFA64521C12B24003610AB /* Release */ = {
			isa = XCBuildConfiguration;
			buildSettings = {
				ALWAYS_EMBED_SWIFT_STANDARD_LIBRARIES = YES;
				BUNDLE_LOADER = "$(TEST_HOST)";
				CODE_SIGN_STYLE = Automatic;
				DEVELOPMENT_TEAM = MW7T7K7N92;
				INFOPLIST_FILE = A10Tests/Info.plist;
				LD_RUNPATH_SEARCH_PATHS = (
					"$(inherited)",
					"@executable_path/Frameworks",
					"@loader_path/Frameworks",
				);
				PRODUCT_BUNDLE_IDENTIFIER = com.yongzhan.A10Tests;
				PRODUCT_NAME = "$(TARGET_NAME)";
				SWIFT_VERSION = 4.2;
				TARGETED_DEVICE_FAMILY = "1,2";
				TEST_HOST = "$(BUILT_PRODUCTS_DIR)/A10.app/A10";
			};
			name = Release;
		};
		8EAFA64721C12B24003610AB /* Debug */ = {
			isa = XCBuildConfiguration;
			buildSettings = {
				ALWAYS_EMBED_SWIFT_STANDARD_LIBRARIES = YES;
				CODE_SIGN_STYLE = Automatic;
				DEVELOPMENT_TEAM = MW7T7K7N92;
				INFOPLIST_FILE = A10UITests/Info.plist;
				LD_RUNPATH_SEARCH_PATHS = (
					"$(inherited)",
					"@executable_path/Frameworks",
					"@loader_path/Frameworks",
				);
				PRODUCT_BUNDLE_IDENTIFIER = com.yongzhan.A10UITests;
				PRODUCT_NAME = "$(TARGET_NAME)";
				SWIFT_VERSION = 4.2;
				TARGETED_DEVICE_FAMILY = "1,2";
				TEST_TARGET_NAME = A10;
			};
			name = Debug;
		};
		8EAFA64821C12B24003610AB /* Release */ = {
			isa = XCBuildConfiguration;
			buildSettings = {
				ALWAYS_EMBED_SWIFT_STANDARD_LIBRARIES = YES;
				CODE_SIGN_STYLE = Automatic;
				DEVELOPMENT_TEAM = MW7T7K7N92;
				INFOPLIST_FILE = A10UITests/Info.plist;
				LD_RUNPATH_SEARCH_PATHS = (
					"$(inherited)",
					"@executable_path/Frameworks",
					"@loader_path/Frameworks",
				);
				PRODUCT_BUNDLE_IDENTIFIER = com.yongzhan.A10UITests;
				PRODUCT_NAME = "$(TARGET_NAME)";
				SWIFT_VERSION = 4.2;
				TARGETED_DEVICE_FAMILY = "1,2";
				TEST_TARGET_NAME = A10;
			};
			name = Release;
		};
/* End XCBuildConfiguration section */

/* Begin XCConfigurationList section */
		8EAFA61321C12B23003610AB /* Build configuration list for PBXProject "A10" */ = {
			isa = XCConfigurationList;
			buildConfigurations = (
				8EAFA63E21C12B24003610AB /* Debug */,
				8EAFA63F21C12B24003610AB /* Release */,
			);
			defaultConfigurationIsVisible = 0;
			defaultConfigurationName = Release;
		};
		8EAFA64021C12B24003610AB /* Build configuration list for PBXNativeTarget "A10" */ = {
			isa = XCConfigurationList;
			buildConfigurations = (
				8EAFA64121C12B24003610AB /* Debug */,
				8EAFA64221C12B24003610AB /* Release */,
			);
			defaultConfigurationIsVisible = 0;
			defaultConfigurationName = Release;
		};
		8EAFA64321C12B24003610AB /* Build configuration list for PBXNativeTarget "A10Tests" */ = {
			isa = XCConfigurationList;
			buildConfigurations = (
				8EAFA64421C12B24003610AB /* Debug */,
				8EAFA64521C12B24003610AB /* Release */,
			);
			defaultConfigurationIsVisible = 0;
			defaultConfigurationName = Release;
		};
		8EAFA64621C12B24003610AB /* Build configuration list for PBXNativeTarget "A10UITests" */ = {
			isa = XCConfigurationList;
			buildConfigurations = (
				8EAFA64721C12B24003610AB /* Debug */,
				8EAFA64821C12B24003610AB /* Release */,
			);
			defaultConfigurationIsVisible = 0;
			defaultConfigurationName = Release;
		};
/* End XCConfigurationList section */
	};
	rootObject = 8EAFA61021C12B23003610AB /* Project object */;
}
