// !$*UTF8*$!
{
	archiveVersion = 1;
	classes = {
	};
	objectVersion = 50;
	objects = {

/* Begin PBXBuildFile section */
		8EAFA4FA21C12A93003610AB /* AppDelegate.swift in Sources */ = {isa = PBXBuildFile; fileRef = 8EAFA4F921C12A93003610AB /* AppDelegate.swift */; };
		8EAFA4FC21C12A93003610AB /* ViewController.swift in Sources */ = {isa = PBXBuildFile; fileRef = 8EAFA4FB21C12A93003610AB /* ViewController.swift */; };
		8EAFA4FF21C12A93003610AB /* Main.storyboard in Resources */ = {isa = PBXBuildFile; fileRef = 8EAFA4FD21C12A93003610AB /* Main.storyboard */; };
		8EAFA50121C12A94003610AB /* Assets.xcassets in Resources */ = {isa = PBXBuildFile; fileRef = 8EAFA50021C12A94003610AB /* Assets.xcassets */; };
		8EAFA50421C12A94003610AB /* LaunchScreen.storyboard in Resources */ = {isa = PBXBuildFile; fileRef = 8EAFA50221C12A94003610AB /* LaunchScreen.storyboard */; };
		8EAFA50F21C12A94003610AB /* A05Tests.swift in Sources */ = {isa = PBXBuildFile; fileRef = 8EAFA50E21C12A94003610AB /* A05Tests.swift */; };
		8EAFA51A21C12A94003610AB /* A05UITests.swift in Sources */ = {isa = PBXBuildFile; fileRef = 8EAFA51921C12A94003610AB /* A05UITests.swift */; };
/* End PBXBuildFile section */

/* Begin PBXContainerItemProxy section */
		8EAFA50B21C12A94003610AB /* PBXContainerItemProxy */ = {
			isa = PBXContainerItemProxy;
			containerPortal = 8EAFA4EE21C12A93003610AB /* Project object */;
			proxyType = 1;
			remoteGlobalIDString = 8EAFA4F521C12A93003610AB;
			remoteInfo = A05;
		};
		8EAFA51621C12A94003610AB /* PBXContainerItemProxy */ = {
			isa = PBXContainerItemProxy;
			containerPortal = 8EAFA4EE21C12A93003610AB /* Project object */;
			proxyType = 1;
			remoteGlobalIDString = 8EAFA4F521C12A93003610AB;
			remoteInfo = A05;
		};
/* End PBXContainerItemProxy section */

/* Begin PBXFileReference section */
		8EAFA4F621C12A93003610AB /* A05.app */ = {isa = PBXFileReference; explicitFileType = wrapper.application; includeInIndex = 0; path = A05.app; sourceTree = BUILT_PRODUCTS_DIR; };
		8EAFA4F921C12A93003610AB /* AppDelegate.swift */ = {isa = PBXFileReference; lastKnownFileType = sourcecode.swift; path = AppDelegate.swift; sourceTree = "<group>"; };
		8EAFA4FB21C12A93003610AB /* ViewController.swift */ = {isa = PBXFileReference; lastKnownFileType = sourcecode.swift; path = ViewController.swift; sourceTree = "<group>"; };
		8EAFA4FE21C12A93003610AB /* Base */ = {isa = PBXFileReference; lastKnownFileType = file.storyboard; name = Base; path = Base.lproj/Main.storyboard; sourceTree = "<group>"; };
		8EAFA50021C12A94003610AB /* Assets.xcassets */ = {isa = PBXFileReference; lastKnownFileType = folder.assetcatalog; path = Assets.xcassets; sourceTree = "<group>"; };
		8EAFA50321C12A94003610AB /* Base */ = {isa = PBXFileReference; lastKnownFileType = file.storyboard; name = Base; path = Base.lproj/LaunchScreen.storyboard; sourceTree = "<group>"; };
		8EAFA50521C12A94003610AB /* Info.plist */ = {isa = PBXFileReference; lastKnownFileType = text.plist.xml; path = Info.plist; sourceTree = "<group>"; };
		8EAFA50A21C12A94003610AB /* A05Tests.xctest */ = {isa = PBXFileReference; explicitFileType = wrapper.cfbundle; includeInIndex = 0; path = A05Tests.xctest; sourceTree = BUILT_PRODUCTS_DIR; };
		8EAFA50E21C12A94003610AB /* A05Tests.swift */ = {isa = PBXFileReference; lastKnownFileType = sourcecode.swift; path = A05Tests.swift; sourceTree = "<group>"; };
		8EAFA51021C12A94003610AB /* Info.plist */ = {isa = PBXFileReference; lastKnownFileType = text.plist.xml; path = Info.plist; sourceTree = "<group>"; };
		8EAFA51521C12A94003610AB /* A05UITests.xctest */ = {isa = PBXFileReference; explicitFileType = wrapper.cfbundle; includeInIndex = 0; path = A05UITests.xctest; sourceTree = BUILT_PRODUCTS_DIR; };
		8EAFA51921C12A94003610AB /* A05UITests.swift */ = {isa = PBXFileReference; lastKnownFileType = sourcecode.swift; path = A05UITests.swift; sourceTree = "<group>"; };
		8EAFA51B21C12A94003610AB /* Info.plist */ = {isa = PBXFileReference; lastKnownFileType = text.plist.xml; path = Info.plist; sourceTree = "<group>"; };
/* End PBXFileReference section */

/* Begin PBXFrameworksBuildPhase section */
		8EAFA4F321C12A93003610AB /* Frameworks */ = {
			isa = PBXFrameworksBuildPhase;
			buildActionMask = 2147483647;
			files = (
			);
			runOnlyForDeploymentPostprocessing = 0;
		};
		8EAFA50721C12A94003610AB /* Frameworks */ = {
			isa = PBXFrameworksBuildPhase;
			buildActionMask = 2147483647;
			files = (
			);
			runOnlyForDeploymentPostprocessing = 0;
		};
		8EAFA51221C12A94003610AB /* Frameworks */ = {
			isa = PBXFrameworksBuildPhase;
			buildActionMask = 2147483647;
			files = (
			);
			runOnlyForDeploymentPostprocessing = 0;
		};
/* End PBXFrameworksBuildPhase section */

/* Begin PBXGroup section */
		8EAFA4ED21C12A93003610AB = {
			isa = PBXGroup;
			children = (
				8EAFA4F821C12A93003610AB /* A05 */,
				8EAFA50D21C12A94003610AB /* A05Tests */,
				8EAFA51821C12A94003610AB /* A05UITests */,
				8EAFA4F721C12A93003610AB /* Products */,
			);
			sourceTree = "<group>";
		};
		8EAFA4F721C12A93003610AB /* Products */ = {
			isa = PBXGroup;
			children = (
				8EAFA4F621C12A93003610AB /* A05.app */,
				8EAFA50A21C12A94003610AB /* A05Tests.xctest */,
				8EAFA51521C12A94003610AB /* A05UITests.xctest */,
			);
			name = Products;
			sourceTree = "<group>";
		};
		8EAFA4F821C12A93003610AB /* A05 */ = {
			isa = PBXGroup;
			children = (
				8EAFA4F921C12A93003610AB /* AppDelegate.swift */,
				8EAFA4FB21C12A93003610AB /* ViewController.swift */,
				8EAFA4FD21C12A93003610AB /* Main.storyboard */,
				8EAFA50021C12A94003610AB /* Assets.xcassets */,
				8EAFA50221C12A94003610AB /* LaunchScreen.storyboard */,
				8EAFA50521C12A94003610AB /* Info.plist */,
			);
			path = A05;
			sourceTree = "<group>";
		};
		8EAFA50D21C12A94003610AB /* A05Tests */ = {
			isa = PBXGroup;
			children = (
				8EAFA50E21C12A94003610AB /* A05Tests.swift */,
				8EAFA51021C12A94003610AB /* Info.plist */,
			);
			path = A05Tests;
			sourceTree = "<group>";
		};
		8EAFA51821C12A94003610AB /* A05UITests */ = {
			isa = PBXGroup;
			children = (
				8EAFA51921C12A94003610AB /* A05UITests.swift */,
				8EAFA51B21C12A94003610AB /* Info.plist */,
			);
			path = A05UITests;
			sourceTree = "<group>";
		};
/* End PBXGroup section */

/* Begin PBXNativeTarget section */
		8EAFA4F521C12A93003610AB /* A05 */ = {
			isa = PBXNativeTarget;
			buildConfigurationList = 8EAFA51E21C12A94003610AB /* Build configuration list for PBXNativeTarget "A05" */;
			buildPhases = (
				8EAFA4F221C12A93003610AB /* Sources */,
				8EAFA4F321C12A93003610AB /* Frameworks */,
				8EAFA4F421C12A93003610AB /* Resources */,
			);
			buildRules = (
			);
			dependencies = (
			);
			name = A05;
			productName = A05;
			productReference = 8EAFA4F621C12A93003610AB /* A05.app */;
			productType = "com.apple.product-type.application";
		};
		8EAFA50921C12A94003610AB /* A05Tests */ = {
			isa = PBXNativeTarget;
			buildConfigurationList = 8EAFA52121C12A94003610AB /* Build configuration list for PBXNativeTarget "A05Tests" */;
			buildPhases = (
				8EAFA50621C12A94003610AB /* Sources */,
				8EAFA50721C12A94003610AB /* Frameworks */,
				8EAFA50821C12A94003610AB /* Resources */,
			);
			buildRules = (
			);
			dependencies = (
				8EAFA50C21C12A94003610AB /* PBXTargetDependency */,
			);
			name = A05Tests;
			productName = A05Tests;
			productReference = 8EAFA50A21C12A94003610AB /* A05Tests.xctest */;
			productType = "com.apple.product-type.bundle.unit-test";
		};
		8EAFA51421C12A94003610AB /* A05UITests */ = {
			isa = PBXNativeTarget;
			buildConfigurationList = 8EAFA52421C12A94003610AB /* Build configuration list for PBXNativeTarget "A05UITests" */;
			buildPhases = (
				8EAFA51121C12A94003610AB /* Sources */,
				8EAFA51221C12A94003610AB /* Frameworks */,
				8EAFA51321C12A94003610AB /* Resources */,
			);
			buildRules = (
			);
			dependencies = (
				8EAFA51721C12A94003610AB /* PBXTargetDependency */,
			);
			name = A05UITests;
			productName = A05UITests;
			productReference = 8EAFA51521C12A94003610AB /* A05UITests.xctest */;
			productType = "com.apple.product-type.bundle.ui-testing";
		};
/* End PBXNativeTarget section */

/* Begin PBXProject section */
		8EAFA4EE21C12A93003610AB /* Project object */ = {
			isa = PBXProject;
			attributes = {
				LastSwiftUpdateCheck = 1010;
				LastUpgradeCheck = 1010;
				ORGANIZATIONNAME = pm;
				TargetAttributes = {
					8EAFA4F521C12A93003610AB = {
						CreatedOnToolsVersion = 10.1;
					};
					8EAFA50921C12A94003610AB = {
						CreatedOnToolsVersion = 10.1;
						TestTargetID = 8EAFA4F521C12A93003610AB;
					};
					8EAFA51421C12A94003610AB = {
						CreatedOnToolsVersion = 10.1;
						TestTargetID = 8EAFA4F521C12A93003610AB;
					};
				};
			};
			buildConfigurationList = 8EAFA4F121C12A93003610AB /* Build configuration list for PBXProject "A05" */;
			compatibilityVersion = "Xcode 9.3";
			developmentRegion = en;
			hasScannedForEncodings = 0;
			knownRegions = (
				en,
				Base,
			);
			mainGroup = 8EAFA4ED21C12A93003610AB;
			productRefGroup = 8EAFA4F721C12A93003610AB /* Products */;
			projectDirPath = "";
			projectRoot = "";
			targets = (
				8EAFA4F521C12A93003610AB /* A05 */,
				8EAFA50921C12A94003610AB /* A05Tests */,
				8EAFA51421C12A94003610AB /* A05UITests */,
			);
		};
/* End PBXProject section */

/* Begin PBXResourcesBuildPhase section */
		8EAFA4F421C12A93003610AB /* Resources */ = {
			isa = PBXResourcesBuildPhase;
			buildActionMask = 2147483647;
			files = (
				8EAFA50421C12A94003610AB /* LaunchScreen.storyboard in Resources */,
				8EAFA50121C12A94003610AB /* Assets.xcassets in Resources */,
				8EAFA4FF21C12A93003610AB /* Main.storyboard in Resources */,
			);
			runOnlyForDeploymentPostprocessing = 0;
		};
		8EAFA50821C12A94003610AB /* Resources */ = {
			isa = PBXResourcesBuildPhase;
			buildActionMask = 2147483647;
			files = (
			);
			runOnlyForDeploymentPostprocessing = 0;
		};
		8EAFA51321C12A94003610AB /* Resources */ = {
			isa = PBXResourcesBuildPhase;
			buildActionMask = 2147483647;
			files = (
			);
			runOnlyForDeploymentPostprocessing = 0;
		};
/* End PBXResourcesBuildPhase section */

/* Begin PBXSourcesBuildPhase section */
		8EAFA4F221C12A93003610AB /* Sources */ = {
			isa = PBXSourcesBuildPhase;
			buildActionMask = 2147483647;
			files = (
				8EAFA4FC21C12A93003610AB /* ViewController.swift in Sources */,
				8EAFA4FA21C12A93003610AB /* AppDelegate.swift in Sources */,
			);
			runOnlyForDeploymentPostprocessing = 0;
		};
		8EAFA50621C12A94003610AB /* Sources */ = {
			isa = PBXSourcesBuildPhase;
			buildActionMask = 2147483647;
			files = (
				8EAFA50F21C12A94003610AB /* A05Tests.swift in Sources */,
			);
			runOnlyForDeploymentPostprocessing = 0;
		};
		8EAFA51121C12A94003610AB /* Sources */ = {
			isa = PBXSourcesBuildPhase;
			buildActionMask = 2147483647;
			files = (
				8EAFA51A21C12A94003610AB /* A05UITests.swift in Sources */,
			);
			runOnlyForDeploymentPostprocessing = 0;
		};
/* End PBXSourcesBuildPhase section */

/* Begin PBXTargetDependency section */
		8EAFA50C21C12A94003610AB /* PBXTargetDependency */ = {
			isa = PBXTargetDependency;
			target = 8EAFA4F521C12A93003610AB /* A05 */;
			targetProxy = 8EAFA50B21C12A94003610AB /* PBXContainerItemProxy */;
		};
		8EAFA51721C12A94003610AB /* PBXTargetDependency */ = {
			isa = PBXTargetDependency;
			target = 8EAFA4F521C12A93003610AB /* A05 */;
			targetProxy = 8EAFA51621C12A94003610AB /* PBXContainerItemProxy */;
		};
/* End PBXTargetDependency section */

/* Begin PBXVariantGroup section */
		8EAFA4FD21C12A93003610AB /* Main.storyboard */ = {
			isa = PBXVariantGroup;
			children = (
				8EAFA4FE21C12A93003610AB /* Base */,
			);
			name = Main.storyboard;
			sourceTree = "<group>";
		};
		8EAFA50221C12A94003610AB /* LaunchScreen.storyboard */ = {
			isa = PBXVariantGroup;
			children = (
				8EAFA50321C12A94003610AB /* Base */,
			);
			name = LaunchScreen.storyboard;
			sourceTree = "<group>";
		};
/* End PBXVariantGroup section */

/* Begin XCBuildConfiguration section */
		8EAFA51C21C12A94003610AB /* Debug */ = {
			isa = XCBuildConfiguration;
			buildSettings = {
				ALWAYS_SEARCH_USER_PATHS = NO;
				CLANG_ANALYZER_NONNULL = YES;
				CLANG_ANALYZER_NUMBER_OBJECT_CONVERSION = YES_AGGRESSIVE;
				CLANG_CXX_LANGUAGE_STANDARD = "gnu++14";
				CLANG_CXX_LIBRARY = "libc++";
				CLANG_ENABLE_MODULES = YES;
				CLANG_ENABLE_OBJC_ARC = YES;
				CLANG_ENABLE_OBJC_WEAK = YES;
				CLANG_WARN_BLOCK_CAPTURE_AUTORELEASING = YES;
				CLANG_WARN_BOOL_CONVERSION = YES;
				CLANG_WARN_COMMA = YES;
				CLANG_WARN_CONSTANT_CONVERSION = YES;
				CLANG_WARN_DEPRECATED_OBJC_IMPLEMENTATIONS = YES;
				CLANG_WARN_DIRECT_OBJC_ISA_USAGE = YES_ERROR;
				CLANG_WARN_DOCUMENTATION_COMMENTS = YES;
				CLANG_WARN_EMPTY_BODY = YES;
				CLANG_WARN_ENUM_CONVERSION = YES;
				CLANG_WARN_INFINITE_RECURSION = YES;
				CLANG_WARN_INT_CONVERSION = YES;
				CLANG_WARN_NON_LITERAL_NULL_CONVERSION = YES;
				CLANG_WARN_OBJC_IMPLICIT_RETAIN_SELF = YES;
				CLANG_WARN_OBJC_LITERAL_CONVERSION = YES;
				CLANG_WARN_OBJC_ROOT_CLASS = YES_ERROR;
				CLANG_WARN_RANGE_LOOP_ANALYSIS = YES;
				CLANG_WARN_STRICT_PROTOTYPES = YES;
				CLANG_WARN_SUSPICIOUS_MOVE = YES;
				CLANG_WARN_UNGUARDED_AVAILABILITY = YES_AGGRESSIVE;
				CLANG_WARN_UNREACHABLE_CODE = YES;
				CLANG_WARN__DUPLICATE_METHOD_MATCH = YES;
				CODE_SIGN_IDENTITY = "iPhone Developer";
				COPY_PHASE_STRIP = NO;
				DEBUG_INFORMATION_FORMAT = dwarf;
				ENABLE_STRICT_OBJC_MSGSEND = YES;
				ENABLE_TESTABILITY = YES;
				GCC_C_LANGUAGE_STANDARD = gnu11;
				GCC_DYNAMIC_NO_PIC = NO;
				GCC_NO_COMMON_BLOCKS = YES;
				GCC_OPTIMIZATION_LEVEL = 0;
				GCC_PREPROCESSOR_DEFINITIONS = (
					"DEBUG=1",
					"$(inherited)",
				);
				GCC_WARN_64_TO_32_BIT_CONVERSION = YES;
				GCC_WARN_ABOUT_RETURN_TYPE = YES_ERROR;
				GCC_WARN_UNDECLARED_SELECTOR = YES;
				GCC_WARN_UNINITIALIZED_AUTOS = YES_AGGRESSIVE;
				GCC_WARN_UNUSED_FUNCTION = YES;
				GCC_WARN_UNUSED_VARIABLE = YES;
				IPHONEOS_DEPLOYMENT_TARGET = 12.1;
				MTL_ENABLE_DEBUG_INFO = INCLUDE_SOURCE;
				MTL_FAST_MATH = YES;
				ONLY_ACTIVE_ARCH = YES;
				SDKROOT = iphoneos;
				SWIFT_ACTIVE_COMPILATION_CONDITIONS = DEBUG;
				SWIFT_OPTIMIZATION_LEVEL = "-Onone";
			};
			name = Debug;
		};
		8EAFA51D21C12A94003610AB /* Release */ = {
			isa = XCBuildConfiguration;
			buildSettings = {
				ALWAYS_SEARCH_USER_PATHS = NO;
				CLANG_ANALYZER_NONNULL = YES;
				CLANG_ANALYZER_NUMBER_OBJECT_CONVERSION = YES_AGGRESSIVE;
				CLANG_CXX_LANGUAGE_STANDARD = "gnu++14";
				CLANG_CXX_LIBRARY = "libc++";
				CLANG_ENABLE_MODULES = YES;
				CLANG_ENABLE_OBJC_ARC = YES;
				CLANG_ENABLE_OBJC_WEAK = YES;
				CLANG_WARN_BLOCK_CAPTURE_AUTORELEASING = YES;
				CLANG_WARN_BOOL_CONVERSION = YES;
				CLANG_WARN_COMMA = YES;
				CLANG_WARN_CONSTANT_CONVERSION = YES;
				CLANG_WARN_DEPRECATED_OBJC_IMPLEMENTATIONS = YES;
				CLANG_WARN_DIRECT_OBJC_ISA_USAGE = YES_ERROR;
				CLANG_WARN_DOCUMENTATION_COMMENTS = YES;
				CLANG_WARN_EMPTY_BODY = YES;
				CLANG_WARN_ENUM_CONVERSION = YES;
				CLANG_WARN_INFINITE_RECURSION = YES;
				CLANG_WARN_INT_CONVERSION = YES;
				CLANG_WARN_NON_LITERAL_NULL_CONVERSION = YES;
				CLANG_WARN_OBJC_IMPLICIT_RETAIN_SELF = YES;
				CLANG_WARN_OBJC_LITERAL_CONVERSION = YES;
				CLANG_WARN_OBJC_ROOT_CLASS = YES_ERROR;
				CLANG_WARN_RANGE_LOOP_ANALYSIS = YES;
				CLANG_WARN_STRICT_PROTOTYPES = YES;
				CLANG_WARN_SUSPICIOUS_MOVE = YES;
				CLANG_WARN_UNGUARDED_AVAILABILITY = YES_AGGRESSIVE;
				CLANG_WARN_UNREACHABLE_CODE = YES;
				CLANG_WARN__DUPLICATE_METHOD_MATCH = YES;
				CODE_SIGN_IDENTITY = "iPhone Developer";
				COPY_PHASE_STRIP = NO;
				DEBUG_INFORMATION_FORMAT = "dwarf-with-dsym";
				ENABLE_NS_ASSERTIONS = NO;
				ENABLE_STRICT_OBJC_MSGSEND = YES;
				GCC_C_LANGUAGE_STANDARD = gnu11;
				GCC_NO_COMMON_BLOCKS = YES;
				GCC_WARN_64_TO_32_BIT_CONVERSION = YES;
				GCC_WARN_ABOUT_RETURN_TYPE = YES_ERROR;
				GCC_WARN_UNDECLARED_SELECTOR = YES;
				GCC_WARN_UNINITIALIZED_AUTOS = YES_AGGRESSIVE;
				GCC_WARN_UNUSED_FUNCTION = YES;
				GCC_WARN_UNUSED_VARIABLE = YES;
				IPHONEOS_DEPLOYMENT_TARGET = 12.1;
				MTL_ENABLE_DEBUG_INFO = NO;
				MTL_FAST_MATH = YES;
				SDKROOT = iphoneos;
				SWIFT_COMPILATION_MODE = wholemodule;
				SWIFT_OPTIMIZATION_LEVEL = "-O";
				VALIDATE_PRODUCT = YES;
			};
			name = Release;
		};
		8EAFA51F21C12A94003610AB /* Debug */ = {
			isa = XCBuildConfiguration;
			buildSettings = {
				ASSETCATALOG_COMPILER_APPICON_NAME = AppIcon;
				CODE_SIGN_STYLE = Automatic;
				DEVELOPMENT_TEAM = MW7T7K7N92;
				INFOPLIST_FILE = A05/Info.plist;
				LD_RUNPATH_SEARCH_PATHS = (
					"$(inherited)",
					"@executable_path/Frameworks",
				);
				PRODUCT_BUNDLE_IDENTIFIER = com.yongzhan.A05;
				PRODUCT_NAME = "$(TARGET_NAME)";
				SWIFT_VERSION = 4.2;
				TARGETED_DEVICE_FAMILY = "1,2";
			};
			name = Debug;
		};
		8EAFA52021C12A94003610AB /* Release */ = {
			isa = XCBuildConfiguration;
			buildSettings = {
				ASSETCATALOG_COMPILER_APPICON_NAME = AppIcon;
				CODE_SIGN_STYLE = Automatic;
				DEVELOPMENT_TEAM = MW7T7K7N92;
				INFOPLIST_FILE = A05/Info.plist;
				LD_RUNPATH_SEARCH_PATHS = (
					"$(inherited)",
					"@executable_path/Frameworks",
				);
				PRODUCT_BUNDLE_IDENTIFIER = com.yongzhan.A05;
				PRODUCT_NAME = "$(TARGET_NAME)";
				SWIFT_VERSION = 4.2;
				TARGETED_DEVICE_FAMILY = "1,2";
			};
			name = Release;
		};
		8EAFA52221C12A94003610AB /* Debug */ = {
			isa = XCBuildConfiguration;
			buildSettings = {
				ALWAYS_EMBED_SWIFT_STANDARD_LIBRARIES = YES;
				BUNDLE_LOADER = "$(TEST_HOST)";
				CODE_SIGN_STYLE = Automatic;
				DEVELOPMENT_TEAM = MW7T7K7N92;
				INFOPLIST_FILE = A05Tests/Info.plist;
				LD_RUNPATH_SEARCH_PATHS = (
					"$(inherited)",
					"@executable_path/Frameworks",
					"@loader_path/Frameworks",
				);
				PRODUCT_BUNDLE_IDENTIFIER = com.yongzhan.A05Tests;
				PRODUCT_NAME = "$(TARGET_NAME)";
				SWIFT_VERSION = 4.2;
				TARGETED_DEVICE_FAMILY = "1,2";
				TEST_HOST = "$(BUILT_PRODUCTS_DIR)/A05.app/A05";
			};
			name = Debug;
		};
		8EAFA52321C12A94003610AB /* Release */ = {
			isa = XCBuildConfiguration;
			buildSettings = {
				ALWAYS_EMBED_SWIFT_STANDARD_LIBRARIES = YES;
				BUNDLE_LOADER = "$(TEST_HOST)";
				CODE_SIGN_STYLE = Automatic;
				DEVELOPMENT_TEAM = MW7T7K7N92;
				INFOPLIST_FILE = A05Tests/Info.plist;
				LD_RUNPATH_SEARCH_PATHS = (
					"$(inherited)",
					"@executable_path/Frameworks",
					"@loader_path/Frameworks",
				);
				PRODUCT_BUNDLE_IDENTIFIER = com.yongzhan.A05Tests;
				PRODUCT_NAME = "$(TARGET_NAME)";
				SWIFT_VERSION = 4.2;
				TARGETED_DEVICE_FAMILY = "1,2";
				TEST_HOST = "$(BUILT_PRODUCTS_DIR)/A05.app/A05";
			};
			name = Release;
		};
		8EAFA52521C12A94003610AB /* Debug */ = {
			isa = XCBuildConfiguration;
			buildSettings = {
				ALWAYS_EMBED_SWIFT_STANDARD_LIBRARIES = YES;
				CODE_SIGN_STYLE = Automatic;
				DEVELOPMENT_TEAM = MW7T7K7N92;
				INFOPLIST_FILE = A05UITests/Info.plist;
				LD_RUNPATH_SEARCH_PATHS = (
					"$(inherited)",
					"@executable_path/Frameworks",
					"@loader_path/Frameworks",
				);
				PRODUCT_BUNDLE_IDENTIFIER = com.yongzhan.A05UITests;
				PRODUCT_NAME = "$(TARGET_NAME)";
				SWIFT_VERSION = 4.2;
				TARGETED_DEVICE_FAMILY = "1,2";
				TEST_TARGET_NAME = A05;
			};
			name = Debug;
		};
		8EAFA52621C12A94003610AB /* Release */ = {
			isa = XCBuildConfiguration;
			buildSettings = {
				ALWAYS_EMBED_SWIFT_STANDARD_LIBRARIES = YES;
				CODE_SIGN_STYLE = Automatic;
				DEVELOPMENT_TEAM = MW7T7K7N92;
				INFOPLIST_FILE = A05UITests/Info.plist;
				LD_RUNPATH_SEARCH_PATHS = (
					"$(inherited)",
					"@executable_path/Frameworks",
					"@loader_path/Frameworks",
				);
				PRODUCT_BUNDLE_IDENTIFIER = com.yongzhan.A05UITests;
				PRODUCT_NAME = "$(TARGET_NAME)";
				SWIFT_VERSION = 4.2;
				TARGETED_DEVICE_FAMILY = "1,2";
				TEST_TARGET_NAME = A05;
			};
			name = Release;
		};
/* End XCBuildConfiguration section */

/* Begin XCConfigurationList section */
		8EAFA4F121C12A93003610AB /* Build configuration list for PBXProject "A05" */ = {
			isa = XCConfigurationList;
			buildConfigurations = (
				8EAFA51C21C12A94003610AB /* Debug */,
				8EAFA51D21C12A94003610AB /* Release */,
			);
			defaultConfigurationIsVisible = 0;
			defaultConfigurationName = Release;
		};
		8EAFA51E21C12A94003610AB /* Build configuration list for PBXNativeTarget "A05" */ = {
			isa = XCConfigurationList;
			buildConfigurations = (
				8EAFA51F21C12A94003610AB /* Debug */,
				8EAFA52021C12A94003610AB /* Release */,
			);
			defaultConfigurationIsVisible = 0;
			defaultConfigurationName = Release;
		};
		8EAFA52121C12A94003610AB /* Build configuration list for PBXNativeTarget "A05Tests" */ = {
			isa = XCConfigurationList;
			buildConfigurations = (
				8EAFA52221C12A94003610AB /* Debug */,
				8EAFA52321C12A94003610AB /* Release */,
			);
			defaultConfigurationIsVisible = 0;
			defaultConfigurationName = Release;
		};
		8EAFA52421C12A94003610AB /* Build configuration list for PBXNativeTarget "A05UITests" */ = {
			isa = XCConfigurationList;
			buildConfigurations = (
				8EAFA52521C12A94003610AB /* Debug */,
				8EAFA52621C12A94003610AB /* Release */,
			);
			defaultConfigurationIsVisible = 0;
			defaultConfigurationName = Release;
		};
/* End XCConfigurationList section */
	};
	rootObject = 8EAFA4EE21C12A93003610AB /* Project object */;
}
